
Microsoft Visual Studio Solution File, Format Version 12.00
# Visual Studio Version 17
VisualStudioVersion = 17.5.002.0
MinimumVisualStudioVersion = 10.0.40219.1
Project("{9A19103F-16F7-4668-BE54-9A1E7A4F7556}") = "AdventOfCode", "AdventOfCode.csproj", "{F39F3487-47F5-47F5-9A67-FC1535588233}"
EndProject
Global
	GlobalSection(SolutionConfigurationPlatforms) = preSolution
		Debug|Any CPU = Debug|Any CPU
		Release|Any CPU = Release|Any CPU
	EndGlobalSection
	GlobalSection(ProjectConfigurationPlatforms) = postSolution
		{F39F3487-47F5-47F5-9A67-FC1535588233}.Debug|Any CPU.ActiveCfg = Debug|Any CPU
		{F39F3487-47F5-47F5-9A67-FC1535588233}.Debug|Any CPU.Build.0 = Debug|Any CPU
		{F39F3487-47F5-47F5-9A67-FC1535588233}.Release|Any CPU.ActiveCfg = Release|Any CPU
		{F39F3487-47F5-47F5-9A67-FC1535588233}.Release|Any CPU.Build.0 = Release|Any CPU
	EndGlobalSection
	GlobalSection(SolutionProperties) = preSolution
		HideSolutionNode = FALSE
	EndGlobalSection
	GlobalSection(ExtensibilityGlobals) = postSolution
		SolutionGuid = {E83D0C5C-74DE-41FF-9C44-828367F538C9}
	EndGlobalSection
EndGlobal
